
Microsoft Visual Studio Solution File, Format Version 12.00
# Visual Studio 14
VisualStudioVersion = 14.0.25420.1
MinimumVisualStudioVersion = 10.0.40219.1
Project("{FAE04EC0-301F-11D3-BF4B-00C04F79EFBC}") = "TheProblems", "Competition\TheProblems\TheProblems.csproj", "{26FBFFA3-493D-4B37-B43B-343F61F9C8C9}"
EndProject
Project("{FAE04EC0-301F-11D3-BF4B-00C04F79EFBC}") = "TheSolution", "Competition\TheSolution\TheSolution.csproj", "{8942B53C-E938-44EB-806B-5095EA353403}"
EndProject
Global
	GlobalSection(SolutionConfigurationPlatforms) = preSolution
		Debug|Any CPU = Debug|Any CPU
		Release|Any CPU = Release|Any CPU
	EndGlobalSection
	GlobalSection(ProjectConfigurationPlatforms) = postSolution
		{26FBFFA3-493D-4B37-B43B-343F61F9C8C9}.Debug|Any CPU.ActiveCfg = Debug|Any CPU
		{26FBFFA3-493D-4B37-B43B-343F61F9C8C9}.Debug|Any CPU.Build.0 = Debug|Any CPU
		{26FBFFA3-493D-4B37-B43B-343F61F9C8C9}.Release|Any CPU.ActiveCfg = Release|Any CPU
		{26FBFFA3-493D-4B37-B43B-343F61F9C8C9}.Release|Any CPU.Build.0 = Release|Any CPU
		{8942B53C-E938-44EB-806B-5095EA353403}.Debug|Any CPU.ActiveCfg = Debug|Any CPU
		{8942B53C-E938-44EB-806B-5095EA353403}.Debug|Any CPU.Build.0 = Debug|Any CPU
		{8942B53C-E938-44EB-806B-5095EA353403}.Release|Any CPU.ActiveCfg = Release|Any CPU
		{8942B53C-E938-44EB-806B-5095EA353403}.Release|Any CPU.Build.0 = Release|Any CPU
	EndGlobalSection
	GlobalSection(SolutionProperties) = preSolution
		HideSolutionNode = FALSE
	EndGlobalSection
EndGlobal
